
Microsoft Visual Studio Solution File, Format Version 12.00
# Visual Studio Version 17
VisualStudioVersion = 17.3.32825.248
MinimumVisualStudioVersion = 10.0.40219.1
Project("{FAE04EC0-301F-11D3-BF4B-00C04F79EFBC}") = "2.3 Оператор выбора вариантов Майборода", "2.3 Оператор выбора вариантов Майборода\2.3 Оператор выбора вариантов Майборода.csproj", "{E83960AB-A9A5-4CB4-8D49-F22E2B79D69B}"
EndProject
Global
	GlobalSection(SolutionConfigurationPlatforms) = preSolution
		Debug|Any CPU = Debug|Any CPU
		Release|Any CPU = Release|Any CPU
	EndGlobalSection
	GlobalSection(ProjectConfigurationPlatforms) = postSolution
		{E83960AB-A9A5-4CB4-8D49-F22E2B79D69B}.Debug|Any CPU.ActiveCfg = Debug|Any CPU
		{E83960AB-A9A5-4CB4-8D49-F22E2B79D69B}.Debug|Any CPU.Build.0 = Debug|Any CPU
		{E83960AB-A9A5-4CB4-8D49-F22E2B79D69B}.Release|Any CPU.ActiveCfg = Release|Any CPU
		{E83960AB-A9A5-4CB4-8D49-F22E2B79D69B}.Release|Any CPU.Build.0 = Release|Any CPU
	EndGlobalSection
	GlobalSection(SolutionProperties) = preSolution
		HideSolutionNode = FALSE
	EndGlobalSection
	GlobalSection(ExtensibilityGlobals) = postSolution
		SolutionGuid = {16770D7A-C000-42AA-A342-68FB412E9ED4}
	EndGlobalSection
EndGlobal
